{
  "supervisor": {
    "version": 5,
    "sha256": "9280d9c3acbd10a99683d5d31a96ab6b0071b2554c5b0eec86f66ee7735d3aa2"
  },
  "planner": {
    "version": 4,
    "sha256": "260ddb1c9c6b2729c18ed92b1ba1822a1fea1effddff948569b779e1ea82d67a"
  },
  "researcher": {
    "version": 4,
    "sha256": "292fc614c67388651570dc51a45e90fe1ad313f31d72c38a22a970d4ee4a41e9"
  },
  "writer": {
    "version": 1,
    "sha256": "61dcc726af3c083133e789be74904f0e80b0aa21255ac9a78caf6ed7684cd8c3"
  }
}
