{
  "supervisor": {
    "version": 9,
    "sha256": "0b4c16115da6bcdee8cdb94f0caa1d14c9f2dedb73207c581931f08150c0e01a"
  },
  "planner": {
    "version": 6,
    "sha256": "e229a8032f5fbff4648cee47deccf6f506d5395adf3b84d6b552821db629756d"
  },
  "deep_lead": {
    "version": 1,
    "sha256": "9d44e9cf17bf1b963c9f5a2c85d5a41f57b919cc4dbd5181ed32cede9d73c28e"
  },
  "researcher": {
    "version": 5,
    "sha256": "dbad993ff7128223bcceb718282fd0ef9cd3cccd4eda2e9a56155c5d5809ea1a"
  },
  "report": {
    "version": 1,
    "sha256": "cf5a3546d3381107747d92e8ae26ea50e96a2c897b67358a25c468812069819d"
  },
  "fact_check": {
    "version": 2,
    "sha256": "d42fb009f8b9176e86c3eb0d2cc11e83a11dfa9ad3a218287644888c6a1b705a"
  },
  "curate": {
    "version": 2,
    "sha256": "317e55ce2666c131e6b4131b47722b1a264458edafa0310e97000fa6f07008ac"
  }
}
