{
  "supervisor": {
    "version": 10,
    "sha256": "5330d75f33fc9b8cdf4e9311486fad719dd383f928609481bb5295a77321bf38"
  },
  "planner": {
    "version": 6,
    "sha256": "e229a8032f5fbff4648cee47deccf6f506d5395adf3b84d6b552821db629756d"
  },
  "deep_lead": {
    "version": 5,
    "sha256": "8334ad6d58024149cea0ae9b7f0bd8dd1bdb77001bb5246e03a1ff8468498b31"
  },
  "researcher": {
    "version": 7,
    "sha256": "b13cdf6a3c6ad22f786ce851ab06be0a4d6e90780045922b04a18f2a0b338b25"
  },
  "report": {
    "version": 1,
    "sha256": "cf5a3546d3381107747d92e8ae26ea50e96a2c897b67358a25c468812069819d"
  },
  "fact_check": {
    "version": 5,
    "sha256": "692eafd1f0c96cf975f9bad60c6d02bdf799788166bb463616b358642002a7d0"
  },
  "curate": {
    "version": 2,
    "sha256": "317e55ce2666c131e6b4131b47722b1a264458edafa0310e97000fa6f07008ac"
  }
}
